// !$*UTF8*$!
{
	archiveVersion = 1;
	classes = {
	};
	objectVersion = 56;
	objects = {

/* Begin PBXBuildFile section */
		95A484232C78D554004B6AD9 /* OpenWeatherApp.swift in Sources */ = {isa = PBXBuildFile; fileRef = 95A484222C78D554004B6AD9 /* OpenWeatherApp.swift */; };
		95A484272C78D55A004B6AD9 /* Assets.xcassets in Resources */ = {isa = PBXBuildFile; fileRef = 95A484262C78D55A004B6AD9 /* Assets.xcassets */; };
		95A4842A2C78D55B004B6AD9 /* Preview Assets.xcassets in Resources */ = {isa = PBXBuildFile; fileRef = 95A484292C78D55B004B6AD9 /* Preview Assets.xcassets */; };
		95A484342C78D55B004B6AD9 /* OpenWeatherTests.swift in Sources */ = {isa = PBXBuildFile; fileRef = 95A484332C78D55B004B6AD9 /* OpenWeatherTests.swift */; };
		95A4843E2C78D55B004B6AD9 /* OpenWeatherUITests.swift in Sources */ = {isa = PBXBuildFile; fileRef = 95A4843D2C78D55B004B6AD9 /* OpenWeatherUITests.swift */; };
		95A484402C78D55B004B6AD9 /* OpenWeatherUITestsLaunchTests.swift in Sources */ = {isa = PBXBuildFile; fileRef = 95A4843F2C78D55B004B6AD9 /* OpenWeatherUITestsLaunchTests.swift */; };
		95A484512C78D5ED004B6AD9 /* Weather.swift in Sources */ = {isa = PBXBuildFile; fileRef = 95A484502C78D5ED004B6AD9 /* Weather.swift */; };
		95A484532C78D614004B6AD9 /* GetWeatherUseCase.swift in Sources */ = {isa = PBXBuildFile; fileRef = 95A484522C78D614004B6AD9 /* GetWeatherUseCase.swift */; };
		95A484552C78D638004B6AD9 /* WeatherResponse.swift in Sources */ = {isa = PBXBuildFile; fileRef = 95A484542C78D638004B6AD9 /* WeatherResponse.swift */; };
		95A484572C78D651004B6AD9 /* WeatherAPIClient.swift in Sources */ = {isa = PBXBuildFile; fileRef = 95A484562C78D651004B6AD9 /* WeatherAPIClient.swift */; };
		95A484592C78D68E004B6AD9 /* WeatherRepositoryImpl.swift in Sources */ = {isa = PBXBuildFile; fileRef = 95A484582C78D68E004B6AD9 /* WeatherRepositoryImpl.swift */; };
		95A4845B2C78D6AE004B6AD9 /* WeatherViewModel.swift in Sources */ = {isa = PBXBuildFile; fileRef = 95A4845A2C78D6AE004B6AD9 /* WeatherViewModel.swift */; };
		95A4845D2C78D6CF004B6AD9 /* WeatherView.swift in Sources */ = {isa = PBXBuildFile; fileRef = 95A4845C2C78D6CF004B6AD9 /* WeatherView.swift */; };
		95A4845F2C78D755004B6AD9 /* AppDIContainer.swift in Sources */ = {isa = PBXBuildFile; fileRef = 95A4845E2C78D755004B6AD9 /* AppDIContainer.swift */; };
		95A4846D2C78DFB7004B6AD9 /* ImageCache.swift in Sources */ = {isa = PBXBuildFile; fileRef = 95A484692C78DFB7004B6AD9 /* ImageCache.swift */; };
		95A4846E2C78DFB7004B6AD9 /* ImageLoader.swift in Sources */ = {isa = PBXBuildFile; fileRef = 95A4846A2C78DFB7004B6AD9 /* ImageLoader.swift */; };
		95A4846F2C78DFB7004B6AD9 /* CachedAsyncImage.swift in Sources */ = {isa = PBXBuildFile; fileRef = 95A4846B2C78DFB7004B6AD9 /* CachedAsyncImage.swift */; };
		95A484712C78DFD3004B6AD9 /* LocationManager.swift in Sources */ = {isa = PBXBuildFile; fileRef = 95A484702C78DFD3004B6AD9 /* LocationManager.swift */; };
		95A484752C78EA26004B6AD9 /* WeatherAPIClientImplTests.swift in Sources */ = {isa = PBXBuildFile; fileRef = 95A484742C78EA26004B6AD9 /* WeatherAPIClientImplTests.swift */; };
		95A484772C78EB7C004B6AD9 /* WeatherRepositoryImplTests.swift in Sources */ = {isa = PBXBuildFile; fileRef = 95A484762C78EB7B004B6AD9 /* WeatherRepositoryImplTests.swift */; };
		95A484792C78EBAD004B6AD9 /* WeatherViewModelTests.swift in Sources */ = {isa = PBXBuildFile; fileRef = 95A484782C78EBAD004B6AD9 /* WeatherViewModelTests.swift */; };
/* End PBXBuildFile section */

/* Begin PBXContainerItemProxy section */
		95A484302C78D55B004B6AD9 /* PBXContainerItemProxy */ = {
			isa = PBXContainerItemProxy;
			containerPortal = 95A484172C78D553004B6AD9 /* Project object */;
			proxyType = 1;
			remoteGlobalIDString = 95A4841E2C78D553004B6AD9;
			remoteInfo = OpenWeather;
		};
		95A4843A2C78D55B004B6AD9 /* PBXContainerItemProxy */ = {
			isa = PBXContainerItemProxy;
			containerPortal = 95A484172C78D553004B6AD9 /* Project object */;
			proxyType = 1;
			remoteGlobalIDString = 95A4841E2C78D553004B6AD9;
			remoteInfo = OpenWeather;
		};
/* End PBXContainerItemProxy section */

/* Begin PBXFileReference section */
		95A4841F2C78D553004B6AD9 /* OpenWeather.app */ = {isa = PBXFileReference; explicitFileType = wrapper.application; includeInIndex = 0; path = OpenWeather.app; sourceTree = BUILT_PRODUCTS_DIR; };
		95A484222C78D554004B6AD9 /* OpenWeatherApp.swift */ = {isa = PBXFileReference; lastKnownFileType = sourcecode.swift; path = OpenWeatherApp.swift; sourceTree = "<group>"; };
		95A484262C78D55A004B6AD9 /* Assets.xcassets */ = {isa = PBXFileReference; lastKnownFileType = folder.assetcatalog; path = Assets.xcassets; sourceTree = "<group>"; };
		95A484292C78D55B004B6AD9 /* Preview Assets.xcassets */ = {isa = PBXFileReference; lastKnownFileType = folder.assetcatalog; path = "Preview Assets.xcassets"; sourceTree = "<group>"; };
		95A4842F2C78D55B004B6AD9 /* OpenWeatherTests.xctest */ = {isa = PBXFileReference; explicitFileType = wrapper.cfbundle; includeInIndex = 0; path = OpenWeatherTests.xctest; sourceTree = BUILT_PRODUCTS_DIR; };
		95A484332C78D55B004B6AD9 /* OpenWeatherTests.swift */ = {isa = PBXFileReference; lastKnownFileType = sourcecode.swift; path = OpenWeatherTests.swift; sourceTree = "<group>"; };
		95A484392C78D55B004B6AD9 /* OpenWeatherUITests.xctest */ = {isa = PBXFileReference; explicitFileType = wrapper.cfbundle; includeInIndex = 0; path = OpenWeatherUITests.xctest; sourceTree = BUILT_PRODUCTS_DIR; };
		95A4843D2C78D55B004B6AD9 /* OpenWeatherUITests.swift */ = {isa = PBXFileReference; lastKnownFileType = sourcecode.swift; path = OpenWeatherUITests.swift; sourceTree = "<group>"; };
		95A4843F2C78D55B004B6AD9 /* OpenWeatherUITestsLaunchTests.swift */ = {isa = PBXFileReference; lastKnownFileType = sourcecode.swift; path = OpenWeatherUITestsLaunchTests.swift; sourceTree = "<group>"; };
		95A484502C78D5ED004B6AD9 /* Weather.swift */ = {isa = PBXFileReference; lastKnownFileType = sourcecode.swift; path = Weather.swift; sourceTree = "<group>"; };
		95A484522C78D614004B6AD9 /* GetWeatherUseCase.swift */ = {isa = PBXFileReference; lastKnownFileType = sourcecode.swift; path = GetWeatherUseCase.swift; sourceTree = "<group>"; };
		95A484542C78D638004B6AD9 /* WeatherResponse.swift */ = {isa = PBXFileReference; lastKnownFileType = sourcecode.swift; path = WeatherResponse.swift; sourceTree = "<group>"; };
		95A484562C78D651004B6AD9 /* WeatherAPIClient.swift */ = {isa = PBXFileReference; lastKnownFileType = sourcecode.swift; path = WeatherAPIClient.swift; sourceTree = "<group>"; };
		95A484582C78D68E004B6AD9 /* WeatherRepositoryImpl.swift */ = {isa = PBXFileReference; lastKnownFileType = sourcecode.swift; path = WeatherRepositoryImpl.swift; sourceTree = "<group>"; };
		95A4845A2C78D6AE004B6AD9 /* WeatherViewModel.swift */ = {isa = PBXFileReference; lastKnownFileType = sourcecode.swift; path = WeatherViewModel.swift; sourceTree = "<group>"; };
		95A4845C2C78D6CF004B6AD9 /* WeatherView.swift */ = {isa = PBXFileReference; lastKnownFileType = sourcecode.swift; path = WeatherView.swift; sourceTree = "<group>"; };
		95A4845E2C78D755004B6AD9 /* AppDIContainer.swift */ = {isa = PBXFileReference; lastKnownFileType = sourcecode.swift; path = AppDIContainer.swift; sourceTree = "<group>"; };
		95A484692C78DFB7004B6AD9 /* ImageCache.swift */ = {isa = PBXFileReference; fileEncoding = 4; lastKnownFileType = sourcecode.swift; path = ImageCache.swift; sourceTree = "<group>"; };
		95A4846A2C78DFB7004B6AD9 /* ImageLoader.swift */ = {isa = PBXFileReference; fileEncoding = 4; lastKnownFileType = sourcecode.swift; path = ImageLoader.swift; sourceTree = "<group>"; };
		95A4846B2C78DFB7004B6AD9 /* CachedAsyncImage.swift */ = {isa = PBXFileReference; fileEncoding = 4; lastKnownFileType = sourcecode.swift; path = CachedAsyncImage.swift; sourceTree = "<group>"; };
		95A484702C78DFD3004B6AD9 /* LocationManager.swift */ = {isa = PBXFileReference; lastKnownFileType = sourcecode.swift; path = LocationManager.swift; sourceTree = "<group>"; };
		95A484742C78EA26004B6AD9 /* WeatherAPIClientImplTests.swift */ = {isa = PBXFileReference; lastKnownFileType = sourcecode.swift; path = WeatherAPIClientImplTests.swift; sourceTree = "<group>"; };
		95A484762C78EB7B004B6AD9 /* WeatherRepositoryImplTests.swift */ = {isa = PBXFileReference; lastKnownFileType = sourcecode.swift; path = WeatherRepositoryImplTests.swift; sourceTree = "<group>"; };
		95A484782C78EBAD004B6AD9 /* WeatherViewModelTests.swift */ = {isa = PBXFileReference; lastKnownFileType = sourcecode.swift; path = WeatherViewModelTests.swift; sourceTree = "<group>"; };
/* End PBXFileReference section */

/* Begin PBXFrameworksBuildPhase section */
		95A4841C2C78D553004B6AD9 /* Frameworks */ = {
			isa = PBXFrameworksBuildPhase;
			buildActionMask = 2147483647;
			files = (
			);
			runOnlyForDeploymentPostprocessing = 0;
		};
		95A4842C2C78D55B004B6AD9 /* Frameworks */ = {
			isa = PBXFrameworksBuildPhase;
			buildActionMask = 2147483647;
			files = (
			);
			runOnlyForDeploymentPostprocessing = 0;
		};
		95A484362C78D55B004B6AD9 /* Frameworks */ = {
			isa = PBXFrameworksBuildPhase;
			buildActionMask = 2147483647;
			files = (
			);
			runOnlyForDeploymentPostprocessing = 0;
		};
/* End PBXFrameworksBuildPhase section */

/* Begin PBXGroup section */
		95A484162C78D553004B6AD9 = {
			isa = PBXGroup;
			children = (
				95A484212C78D553004B6AD9 /* OpenWeather */,
				95A484322C78D55B004B6AD9 /* OpenWeatherTests */,
				95A4843C2C78D55B004B6AD9 /* OpenWeatherUITests */,
				95A484202C78D553004B6AD9 /* Products */,
			);
			sourceTree = "<group>";
		};
		95A484202C78D553004B6AD9 /* Products */ = {
			isa = PBXGroup;
			children = (
				95A4841F2C78D553004B6AD9 /* OpenWeather.app */,
				95A4842F2C78D55B004B6AD9 /* OpenWeatherTests.xctest */,
				95A484392C78D55B004B6AD9 /* OpenWeatherUITests.xctest */,
			);
			name = Products;
			sourceTree = "<group>";
		};
		95A484212C78D553004B6AD9 /* OpenWeather */ = {
			isa = PBXGroup;
			children = (
				95A484222C78D554004B6AD9 /* OpenWeatherApp.swift */,
				95A4845E2C78D755004B6AD9 /* AppDIContainer.swift */,
				95A484672C78DFB7004B6AD9 /* Helper */,
				95A4844C2C78D5CE004B6AD9 /* Home */,
				95A484262C78D55A004B6AD9 /* Assets.xcassets */,
				95A484282C78D55B004B6AD9 /* Preview Content */,
			);
			path = OpenWeather;
			sourceTree = "<group>";
		};
		95A484282C78D55B004B6AD9 /* Preview Content */ = {
			isa = PBXGroup;
			children = (
				95A484292C78D55B004B6AD9 /* Preview Assets.xcassets */,
			);
			path = "Preview Content";
			sourceTree = "<group>";
		};
		95A484322C78D55B004B6AD9 /* OpenWeatherTests */ = {
			isa = PBXGroup;
			children = (
				95A484332C78D55B004B6AD9 /* OpenWeatherTests.swift */,
				95A484742C78EA26004B6AD9 /* WeatherAPIClientImplTests.swift */,
				95A484762C78EB7B004B6AD9 /* WeatherRepositoryImplTests.swift */,
				95A484782C78EBAD004B6AD9 /* WeatherViewModelTests.swift */,
			);
			path = OpenWeatherTests;
			sourceTree = "<group>";
		};
		95A4843C2C78D55B004B6AD9 /* OpenWeatherUITests */ = {
			isa = PBXGroup;
			children = (
				95A4843D2C78D55B004B6AD9 /* OpenWeatherUITests.swift */,
				95A4843F2C78D55B004B6AD9 /* OpenWeatherUITestsLaunchTests.swift */,
			);
			path = OpenWeatherUITests;
			sourceTree = "<group>";
		};
		95A4844C2C78D5CE004B6AD9 /* Home */ = {
			isa = PBXGroup;
			children = (
				95A4844D2C78D5CE004B6AD9 /* Data */,
				95A4844E2C78D5CE004B6AD9 /* Domain */,
				95A4844F2C78D5CE004B6AD9 /* Presentation */,
			);
			path = Home;
			sourceTree = "<group>";
		};
		95A4844D2C78D5CE004B6AD9 /* Data */ = {
			isa = PBXGroup;
			children = (
				95A484542C78D638004B6AD9 /* WeatherResponse.swift */,
				95A484562C78D651004B6AD9 /* WeatherAPIClient.swift */,
				95A484582C78D68E004B6AD9 /* WeatherRepositoryImpl.swift */,
			);
			path = Data;
			sourceTree = "<group>";
		};
		95A4844E2C78D5CE004B6AD9 /* Domain */ = {
			isa = PBXGroup;
			children = (
				95A484502C78D5ED004B6AD9 /* Weather.swift */,
				95A484522C78D614004B6AD9 /* GetWeatherUseCase.swift */,
			);
			path = Domain;
			sourceTree = "<group>";
		};
		95A4844F2C78D5CE004B6AD9 /* Presentation */ = {
			isa = PBXGroup;
			children = (
				95A4845A2C78D6AE004B6AD9 /* WeatherViewModel.swift */,
				95A4845C2C78D6CF004B6AD9 /* WeatherView.swift */,
			);
			path = Presentation;
			sourceTree = "<group>";
		};
		95A484672C78DFB7004B6AD9 /* Helper */ = {
			isa = PBXGroup;
			children = (
				95A484682C78DFB7004B6AD9 /* ImageCache */,
				95A4846C2C78DFB7004B6AD9 /* LocationManager */,
			);
			path = Helper;
			sourceTree = "<group>";
		};
		95A484682C78DFB7004B6AD9 /* ImageCache */ = {
			isa = PBXGroup;
			children = (
				95A484692C78DFB7004B6AD9 /* ImageCache.swift */,
				95A4846A2C78DFB7004B6AD9 /* ImageLoader.swift */,
				95A4846B2C78DFB7004B6AD9 /* CachedAsyncImage.swift */,
			);
			path = ImageCache;
			sourceTree = "<group>";
		};
		95A4846C2C78DFB7004B6AD9 /* LocationManager */ = {
			isa = PBXGroup;
			children = (
				95A484702C78DFD3004B6AD9 /* LocationManager.swift */,
			);
			path = LocationManager;
			sourceTree = "<group>";
		};
/* End PBXGroup section */

/* Begin PBXNativeTarget section */
		95A4841E2C78D553004B6AD9 /* OpenWeather */ = {
			isa = PBXNativeTarget;
			buildConfigurationList = 95A484432C78D55B004B6AD9 /* Build configuration list for PBXNativeTarget "OpenWeather" */;
			buildPhases = (
				95A4841B2C78D553004B6AD9 /* Sources */,
				95A4841C2C78D553004B6AD9 /* Frameworks */,
				95A4841D2C78D553004B6AD9 /* Resources */,
			);
			buildRules = (
			);
			dependencies = (
			);
			name = OpenWeather;
			productName = OpenWeather;
			productReference = 95A4841F2C78D553004B6AD9 /* OpenWeather.app */;
			productType = "com.apple.product-type.application";
		};
		95A4842E2C78D55B004B6AD9 /* OpenWeatherTests */ = {
			isa = PBXNativeTarget;
			buildConfigurationList = 95A484462C78D55B004B6AD9 /* Build configuration list for PBXNativeTarget "OpenWeatherTests" */;
			buildPhases = (
				95A4842B2C78D55B004B6AD9 /* Sources */,
				95A4842C2C78D55B004B6AD9 /* Frameworks */,
				95A4842D2C78D55B004B6AD9 /* Resources */,
			);
			buildRules = (
			);
			dependencies = (
				95A484312C78D55B004B6AD9 /* PBXTargetDependency */,
			);
			name = OpenWeatherTests;
			productName = OpenWeatherTests;
			productReference = 95A4842F2C78D55B004B6AD9 /* OpenWeatherTests.xctest */;
			productType = "com.apple.product-type.bundle.unit-test";
		};
		95A484382C78D55B004B6AD9 /* OpenWeatherUITests */ = {
			isa = PBXNativeTarget;
			buildConfigurationList = 95A484492C78D55B004B6AD9 /* Build configuration list for PBXNativeTarget "OpenWeatherUITests" */;
			buildPhases = (
				95A484352C78D55B004B6AD9 /* Sources */,
				95A484362C78D55B004B6AD9 /* Frameworks */,
				95A484372C78D55B004B6AD9 /* Resources */,
			);
			buildRules = (
			);
			dependencies = (
				95A4843B2C78D55B004B6AD9 /* PBXTargetDependency */,
			);
			name = OpenWeatherUITests;
			productName = OpenWeatherUITests;
			productReference = 95A484392C78D55B004B6AD9 /* OpenWeatherUITests.xctest */;
			productType = "com.apple.product-type.bundle.ui-testing";
		};
/* End PBXNativeTarget section */

/* Begin PBXProject section */
		95A484172C78D553004B6AD9 /* Project object */ = {
			isa = PBXProject;
			attributes = {
				BuildIndependentTargetsInParallel = 1;
				LastSwiftUpdateCheck = 1500;
				LastUpgradeCheck = 1500;
				TargetAttributes = {
					95A4841E2C78D553004B6AD9 = {
						CreatedOnToolsVersion = 15.0;
					};
					95A4842E2C78D55B004B6AD9 = {
						CreatedOnToolsVersion = 15.0;
						TestTargetID = 95A4841E2C78D553004B6AD9;
					};
					95A484382C78D55B004B6AD9 = {
						CreatedOnToolsVersion = 15.0;
						TestTargetID = 95A4841E2C78D553004B6AD9;
					};
				};
			};
			buildConfigurationList = 95A4841A2C78D553004B6AD9 /* Build configuration list for PBXProject "OpenWeather" */;
			compatibilityVersion = "Xcode 14.0";
			developmentRegion = en;
			hasScannedForEncodings = 0;
			knownRegions = (
				en,
				Base,
			);
			mainGroup = 95A484162C78D553004B6AD9;
			productRefGroup = 95A484202C78D553004B6AD9 /* Products */;
			projectDirPath = "";
			projectRoot = "";
			targets = (
				95A4841E2C78D553004B6AD9 /* OpenWeather */,
				95A4842E2C78D55B004B6AD9 /* OpenWeatherTests */,
				95A484382C78D55B004B6AD9 /* OpenWeatherUITests */,
			);
		};
/* End PBXProject section */

/* Begin PBXResourcesBuildPhase section */
		95A4841D2C78D553004B6AD9 /* Resources */ = {
			isa = PBXResourcesBuildPhase;
			buildActionMask = 2147483647;
			files = (
				95A4842A2C78D55B004B6AD9 /* Preview Assets.xcassets in Resources */,
				95A484272C78D55A004B6AD9 /* Assets.xcassets in Resources */,
			);
			runOnlyForDeploymentPostprocessing = 0;
		};
		95A4842D2C78D55B004B6AD9 /* Resources */ = {
			isa = PBXResourcesBuildPhase;
			buildActionMask = 2147483647;
			files = (
			);
			runOnlyForDeploymentPostprocessing = 0;
		};
		95A484372C78D55B004B6AD9 /* Resources */ = {
			isa = PBXResourcesBuildPhase;
			buildActionMask = 2147483647;
			files = (
			);
			runOnlyForDeploymentPostprocessing = 0;
		};
/* End PBXResourcesBuildPhase section */

/* Begin PBXSourcesBuildPhase section */
		95A4841B2C78D553004B6AD9 /* Sources */ = {
			isa = PBXSourcesBuildPhase;
			buildActionMask = 2147483647;
			files = (
				95A4846D2C78DFB7004B6AD9 /* ImageCache.swift in Sources */,
				95A484572C78D651004B6AD9 /* WeatherAPIClient.swift in Sources */,
				95A484592C78D68E004B6AD9 /* WeatherRepositoryImpl.swift in Sources */,
				95A484552C78D638004B6AD9 /* WeatherResponse.swift in Sources */,
				95A484512C78D5ED004B6AD9 /* Weather.swift in Sources */,
				95A4846E2C78DFB7004B6AD9 /* ImageLoader.swift in Sources */,
				95A4845B2C78D6AE004B6AD9 /* WeatherViewModel.swift in Sources */,
				95A4845D2C78D6CF004B6AD9 /* WeatherView.swift in Sources */,
				95A484232C78D554004B6AD9 /* OpenWeatherApp.swift in Sources */,
				95A484532C78D614004B6AD9 /* GetWeatherUseCase.swift in Sources */,
				95A4846F2C78DFB7004B6AD9 /* CachedAsyncImage.swift in Sources */,
				95A4845F2C78D755004B6AD9 /* AppDIContainer.swift in Sources */,
				95A484712C78DFD3004B6AD9 /* LocationManager.swift in Sources */,
			);
			runOnlyForDeploymentPostprocessing = 0;
		};
		95A4842B2C78D55B004B6AD9 /* Sources */ = {
			isa = PBXSourcesBuildPhase;
			buildActionMask = 2147483647;
			files = (
				95A484752C78EA26004B6AD9 /* WeatherAPIClientImplTests.swift in Sources */,
				95A484792C78EBAD004B6AD9 /* WeatherViewModelTests.swift in Sources */,
				95A484772C78EB7C004B6AD9 /* WeatherRepositoryImplTests.swift in Sources */,
				95A484342C78D55B004B6AD9 /* OpenWeatherTests.swift in Sources */,
			);
			runOnlyForDeploymentPostprocessing = 0;
		};
		95A484352C78D55B004B6AD9 /* Sources */ = {
			isa = PBXSourcesBuildPhase;
			buildActionMask = 2147483647;
			files = (
				95A4843E2C78D55B004B6AD9 /* OpenWeatherUITests.swift in Sources */,
				95A484402C78D55B004B6AD9 /* OpenWeatherUITestsLaunchTests.swift in Sources */,
			);
			runOnlyForDeploymentPostprocessing = 0;
		};
/* End PBXSourcesBuildPhase section */

/* Begin PBXTargetDependency section */
		95A484312C78D55B004B6AD9 /* PBXTargetDependency */ = {
			isa = PBXTargetDependency;
			target = 95A4841E2C78D553004B6AD9 /* OpenWeather */;
			targetProxy = 95A484302C78D55B004B6AD9 /* PBXContainerItemProxy */;
		};
		95A4843B2C78D55B004B6AD9 /* PBXTargetDependency */ = {
			isa = PBXTargetDependency;
			target = 95A4841E2C78D553004B6AD9 /* OpenWeather */;
			targetProxy = 95A4843A2C78D55B004B6AD9 /* PBXContainerItemProxy */;
		};
/* End PBXTargetDependency section */

/* Begin XCBuildConfiguration section */
		95A484412C78D55B004B6AD9 /* Debug */ = {
			isa = XCBuildConfiguration;
			buildSettings = {
				ALWAYS_SEARCH_USER_PATHS = NO;
				ASSETCATALOG_COMPILER_GENERATE_SWIFT_ASSET_SYMBOL_EXTENSIONS = YES;
				CLANG_ANALYZER_NONNULL = YES;
				CLANG_ANALYZER_NUMBER_OBJECT_CONVERSION = YES_AGGRESSIVE;
				CLANG_CXX_LANGUAGE_STANDARD = "gnu++20";
				CLANG_ENABLE_MODULES = YES;
				CLANG_ENABLE_OBJC_ARC = YES;
				CLANG_ENABLE_OBJC_WEAK = YES;
				CLANG_WARN_BLOCK_CAPTURE_AUTORELEASING = YES;
				CLANG_WARN_BOOL_CONVERSION = YES;
				CLANG_WARN_COMMA = YES;
				CLANG_WARN_CONSTANT_CONVERSION = YES;
				CLANG_WARN_DEPRECATED_OBJC_IMPLEMENTATIONS = YES;
				CLANG_WARN_DIRECT_OBJC_ISA_USAGE = YES_ERROR;
				CLANG_WARN_DOCUMENTATION_COMMENTS = YES;
				CLANG_WARN_EMPTY_BODY = YES;
				CLANG_WARN_ENUM_CONVERSION = YES;
				CLANG_WARN_INFINITE_RECURSION = YES;
				CLANG_WARN_INT_CONVERSION = YES;
				CLANG_WARN_NON_LITERAL_NULL_CONVERSION = YES;
				CLANG_WARN_OBJC_IMPLICIT_RETAIN_SELF = YES;
				CLANG_WARN_OBJC_LITERAL_CONVERSION = YES;
				CLANG_WARN_OBJC_ROOT_CLASS = YES_ERROR;
				CLANG_WARN_QUOTED_INCLUDE_IN_FRAMEWORK_HEADER = YES;
				CLANG_WARN_RANGE_LOOP_ANALYSIS = YES;
				CLANG_WARN_STRICT_PROTOTYPES = YES;
				CLANG_WARN_SUSPICIOUS_MOVE = YES;
				CLANG_WARN_UNGUARDED_AVAILABILITY = YES_AGGRESSIVE;
				CLANG_WARN_UNREACHABLE_CODE = YES;
				CLANG_WARN__DUPLICATE_METHOD_MATCH = YES;
				COPY_PHASE_STRIP = NO;
				DEBUG_INFORMATION_FORMAT = dwarf;
				ENABLE_STRICT_OBJC_MSGSEND = YES;
				ENABLE_TESTABILITY = YES;
				ENABLE_USER_SCRIPT_SANDBOXING = YES;
				GCC_C_LANGUAGE_STANDARD = gnu17;
				GCC_DYNAMIC_NO_PIC = NO;
				GCC_NO_COMMON_BLOCKS = YES;
				GCC_OPTIMIZATION_LEVEL = 0;
				GCC_PREPROCESSOR_DEFINITIONS = (
					"DEBUG=1",
					"$(inherited)",
				);
				GCC_WARN_64_TO_32_BIT_CONVERSION = YES;
				GCC_WARN_ABOUT_RETURN_TYPE = YES_ERROR;
				GCC_WARN_UNDECLARED_SELECTOR = YES;
				GCC_WARN_UNINITIALIZED_AUTOS = YES_AGGRESSIVE;
				GCC_WARN_UNUSED_FUNCTION = YES;
				GCC_WARN_UNUSED_VARIABLE = YES;
				INFOPLIST_KEY_NSLocationTemporaryUsageDescriptionDictionary = "We need your location to provide weather information.";
				IPHONEOS_DEPLOYMENT_TARGET = 17.0;
				LOCALIZATION_PREFERS_STRING_CATALOGS = YES;
				MTL_ENABLE_DEBUG_INFO = INCLUDE_SOURCE;
				MTL_FAST_MATH = YES;
				ONLY_ACTIVE_ARCH = YES;
				SDKROOT = iphoneos;
				SWIFT_ACTIVE_COMPILATION_CONDITIONS = "DEBUG $(inherited)";
				SWIFT_OPTIMIZATION_LEVEL = "-Onone";
			};
			name = Debug;
		};
		95A484422C78D55B004B6AD9 /* Release */ = {
			isa = XCBuildConfiguration;
			buildSettings = {
				ALWAYS_SEARCH_USER_PATHS = NO;
				ASSETCATALOG_COMPILER_GENERATE_SWIFT_ASSET_SYMBOL_EXTENSIONS = YES;
				CLANG_ANALYZER_NONNULL = YES;
				CLANG_ANALYZER_NUMBER_OBJECT_CONVERSION = YES_AGGRESSIVE;
				CLANG_CXX_LANGUAGE_STANDARD = "gnu++20";
				CLANG_ENABLE_MODULES = YES;
				CLANG_ENABLE_OBJC_ARC = YES;
				CLANG_ENABLE_OBJC_WEAK = YES;
				CLANG_WARN_BLOCK_CAPTURE_AUTORELEASING = YES;
				CLANG_WARN_BOOL_CONVERSION = YES;
				CLANG_WARN_COMMA = YES;
				CLANG_WARN_CONSTANT_CONVERSION = YES;
				CLANG_WARN_DEPRECATED_OBJC_IMPLEMENTATIONS = YES;
				CLANG_WARN_DIRECT_OBJC_ISA_USAGE = YES_ERROR;
				CLANG_WARN_DOCUMENTATION_COMMENTS = YES;
				CLANG_WARN_EMPTY_BODY = YES;
				CLANG_WARN_ENUM_CONVERSION = YES;
				CLANG_WARN_INFINITE_RECURSION = YES;
				CLANG_WARN_INT_CONVERSION = YES;
				CLANG_WARN_NON_LITERAL_NULL_CONVERSION = YES;
				CLANG_WARN_OBJC_IMPLICIT_RETAIN_SELF = YES;
				CLANG_WARN_OBJC_LITERAL_CONVERSION = YES;
				CLANG_WARN_OBJC_ROOT_CLASS = YES_ERROR;
				CLANG_WARN_QUOTED_INCLUDE_IN_FRAMEWORK_HEADER = YES;
				CLANG_WARN_RANGE_LOOP_ANALYSIS = YES;
				CLANG_WARN_STRICT_PROTOTYPES = YES;
				CLANG_WARN_SUSPICIOUS_MOVE = YES;
				CLANG_WARN_UNGUARDED_AVAILABILITY = YES_AGGRESSIVE;
				CLANG_WARN_UNREACHABLE_CODE = YES;
				CLANG_WARN__DUPLICATE_METHOD_MATCH = YES;
				COPY_PHASE_STRIP = NO;
				DEBUG_INFORMATION_FORMAT = "dwarf-with-dsym";
				ENABLE_NS_ASSERTIONS = NO;
				ENABLE_STRICT_OBJC_MSGSEND = YES;
				ENABLE_USER_SCRIPT_SANDBOXING = YES;
				GCC_C_LANGUAGE_STANDARD = gnu17;
				GCC_NO_COMMON_BLOCKS = YES;
				GCC_WARN_64_TO_32_BIT_CONVERSION = YES;
				GCC_WARN_ABOUT_RETURN_TYPE = YES_ERROR;
				GCC_WARN_UNDECLARED_SELECTOR = YES;
				GCC_WARN_UNINITIALIZED_AUTOS = YES_AGGRESSIVE;
				GCC_WARN_UNUSED_FUNCTION = YES;
				GCC_WARN_UNUSED_VARIABLE = YES;
				INFOPLIST_KEY_NSLocationTemporaryUsageDescriptionDictionary = "We need your location to provide weather information.";
				IPHONEOS_DEPLOYMENT_TARGET = 17.0;
				LOCALIZATION_PREFERS_STRING_CATALOGS = YES;
				MTL_ENABLE_DEBUG_INFO = NO;
				MTL_FAST_MATH = YES;
				SDKROOT = iphoneos;
				SWIFT_COMPILATION_MODE = wholemodule;
				VALIDATE_PRODUCT = YES;
			};
			name = Release;
		};
		95A484442C78D55B004B6AD9 /* Debug */ = {
			isa = XCBuildConfiguration;
			buildSettings = {
				ASSETCATALOG_COMPILER_APPICON_NAME = AppIcon;
				ASSETCATALOG_COMPILER_GLOBAL_ACCENT_COLOR_NAME = AccentColor;
				CODE_SIGN_STYLE = Manual;
				CURRENT_PROJECT_VERSION = 1;
				DEVELOPMENT_ASSET_PATHS = "\"OpenWeather/Preview Content\"";
				DEVELOPMENT_TEAM = "";
				ENABLE_PREVIEWS = YES;
				GENERATE_INFOPLIST_FILE = YES;
				INFOPLIST_KEY_UIApplicationSceneManifest_Generation = YES;
				INFOPLIST_KEY_UIApplicationSupportsIndirectInputEvents = YES;
				INFOPLIST_KEY_UILaunchScreen_Generation = YES;
				INFOPLIST_KEY_UISupportedInterfaceOrientations_iPad = "UIInterfaceOrientationPortrait UIInterfaceOrientationPortraitUpsideDown UIInterfaceOrientationLandscapeLeft UIInterfaceOrientationLandscapeRight";
				INFOPLIST_KEY_UISupportedInterfaceOrientations_iPhone = "UIInterfaceOrientationPortrait UIInterfaceOrientationLandscapeLeft UIInterfaceOrientationLandscapeRight";
				LD_RUNPATH_SEARCH_PATHS = (
					"$(inherited)",
					"@executable_path/Frameworks",
				);
				MARKETING_VERSION = 1.0;
				PRODUCT_BUNDLE_IDENTIFIER = com.demo.OpenWeather;
				PRODUCT_NAME = "$(TARGET_NAME)";
				PROVISIONING_PROFILE_SPECIFIER = "";
				SWIFT_EMIT_LOC_STRINGS = YES;
				SWIFT_VERSION = 5.0;
				TARGETED_DEVICE_FAMILY = "1,2";
			};
			name = Debug;
		};
		95A484452C78D55B004B6AD9 /* Release */ = {
			isa = XCBuildConfiguration;
			buildSettings = {
				ASSETCATALOG_COMPILER_APPICON_NAME = AppIcon;
				ASSETCATALOG_COMPILER_GLOBAL_ACCENT_COLOR_NAME = AccentColor;
				CODE_SIGN_STYLE = Manual;
				CURRENT_PROJECT_VERSION = 1;
				DEVELOPMENT_ASSET_PATHS = "\"OpenWeather/Preview Content\"";
				DEVELOPMENT_TEAM = "";
				ENABLE_PREVIEWS = YES;
				GENERATE_INFOPLIST_FILE = YES;
				INFOPLIST_KEY_UIApplicationSceneManifest_Generation = YES;
				INFOPLIST_KEY_UIApplicationSupportsIndirectInputEvents = YES;
				INFOPLIST_KEY_UILaunchScreen_Generation = YES;
				INFOPLIST_KEY_UISupportedInterfaceOrientations_iPad = "UIInterfaceOrientationPortrait UIInterfaceOrientationPortraitUpsideDown UIInterfaceOrientationLandscapeLeft UIInterfaceOrientationLandscapeRight";
				INFOPLIST_KEY_UISupportedInterfaceOrientations_iPhone = "UIInterfaceOrientationPortrait UIInterfaceOrientationLandscapeLeft UIInterfaceOrientationLandscapeRight";
				LD_RUNPATH_SEARCH_PATHS = (
					"$(inherited)",
					"@executable_path/Frameworks",
				);
				MARKETING_VERSION = 1.0;
				PRODUCT_BUNDLE_IDENTIFIER = com.demo.OpenWeather;
				PRODUCT_NAME = "$(TARGET_NAME)";
				PROVISIONING_PROFILE_SPECIFIER = "";
				SWIFT_EMIT_LOC_STRINGS = YES;
				SWIFT_VERSION = 5.0;
				TARGETED_DEVICE_FAMILY = "1,2";
			};
			name = Release;
		};
		95A484472C78D55B004B6AD9 /* Debug */ = {
			isa = XCBuildConfiguration;
			buildSettings = {
				ALWAYS_EMBED_SWIFT_STANDARD_LIBRARIES = YES;
				BUNDLE_LOADER = "$(TEST_HOST)";
				CODE_SIGN_STYLE = Automatic;
				CURRENT_PROJECT_VERSION = 1;
				DEVELOPMENT_TEAM = 8954SMH2WB;
				GENERATE_INFOPLIST_FILE = YES;
				IPHONEOS_DEPLOYMENT_TARGET = 17.0;
				MARKETING_VERSION = 1.0;
				PRODUCT_BUNDLE_IDENTIFIER = com.demo.OpenWeatherTests;
				PRODUCT_NAME = "$(TARGET_NAME)";
				SWIFT_EMIT_LOC_STRINGS = NO;
				SWIFT_VERSION = 5.0;
				TARGETED_DEVICE_FAMILY = "1,2";
				TEST_HOST = "$(BUILT_PRODUCTS_DIR)/OpenWeather.app/$(BUNDLE_EXECUTABLE_FOLDER_PATH)/OpenWeather";
			};
			name = Debug;
		};
		95A484482C78D55B004B6AD9 /* Release */ = {
			isa = XCBuildConfiguration;
			buildSettings = {
				ALWAYS_EMBED_SWIFT_STANDARD_LIBRARIES = YES;
				BUNDLE_LOADER = "$(TEST_HOST)";
				CODE_SIGN_STYLE = Automatic;
				CURRENT_PROJECT_VERSION = 1;
				DEVELOPMENT_TEAM = 8954SMH2WB;
				GENERATE_INFOPLIST_FILE = YES;
				IPHONEOS_DEPLOYMENT_TARGET = 17.0;
				MARKETING_VERSION = 1.0;
				PRODUCT_BUNDLE_IDENTIFIER = com.demo.OpenWeatherTests;
				PRODUCT_NAME = "$(TARGET_NAME)";
				SWIFT_EMIT_LOC_STRINGS = NO;
				SWIFT_VERSION = 5.0;
				TARGETED_DEVICE_FAMILY = "1,2";
				TEST_HOST = "$(BUILT_PRODUCTS_DIR)/OpenWeather.app/$(BUNDLE_EXECUTABLE_FOLDER_PATH)/OpenWeather";
			};
			name = Release;
		};
		95A4844A2C78D55B004B6AD9 /* Debug */ = {
			isa = XCBuildConfiguration;
			buildSettings = {
				ALWAYS_EMBED_SWIFT_STANDARD_LIBRARIES = YES;
				CODE_SIGN_STYLE = Automatic;
				CURRENT_PROJECT_VERSION = 1;
				DEVELOPMENT_TEAM = 8954SMH2WB;
				GENERATE_INFOPLIST_FILE = YES;
				MARKETING_VERSION = 1.0;
				PRODUCT_BUNDLE_IDENTIFIER = com.demo.OpenWeatherUITests;
				PRODUCT_NAME = "$(TARGET_NAME)";
				SWIFT_EMIT_LOC_STRINGS = NO;
				SWIFT_VERSION = 5.0;
				TARGETED_DEVICE_FAMILY = "1,2";
				TEST_TARGET_NAME = OpenWeather;
			};
			name = Debug;
		};
		95A4844B2C78D55B004B6AD9 /* Release */ = {
			isa = XCBuildConfiguration;
			buildSettings = {
				ALWAYS_EMBED_SWIFT_STANDARD_LIBRARIES = YES;
				CODE_SIGN_STYLE = Automatic;
				CURRENT_PROJECT_VERSION = 1;
				DEVELOPMENT_TEAM = 8954SMH2WB;
				GENERATE_INFOPLIST_FILE = YES;
				MARKETING_VERSION = 1.0;
				PRODUCT_BUNDLE_IDENTIFIER = com.demo.OpenWeatherUITests;
				PRODUCT_NAME = "$(TARGET_NAME)";
				SWIFT_EMIT_LOC_STRINGS = NO;
				SWIFT_VERSION = 5.0;
				TARGETED_DEVICE_FAMILY = "1,2";
				TEST_TARGET_NAME = OpenWeather;
			};
			name = Release;
		};
/* End XCBuildConfiguration section */

/* Begin XCConfigurationList section */
		95A4841A2C78D553004B6AD9 /* Build configuration list for PBXProject "OpenWeather" */ = {
			isa = XCConfigurationList;
			buildConfigurations = (
				95A484412C78D55B004B6AD9 /* Debug */,
				95A484422C78D55B004B6AD9 /* Release */,
			);
			defaultConfigurationIsVisible = 0;
			defaultConfigurationName = Release;
		};
		95A484432C78D55B004B6AD9 /* Build configuration list for PBXNativeTarget "OpenWeather" */ = {
			isa = XCConfigurationList;
			buildConfigurations = (
				95A484442C78D55B004B6AD9 /* Debug */,
				95A484452C78D55B004B6AD9 /* Release */,
			);
			defaultConfigurationIsVisible = 0;
			defaultConfigurationName = Release;
		};
		95A484462C78D55B004B6AD9 /* Build configuration list for PBXNativeTarget "OpenWeatherTests" */ = {
			isa = XCConfigurationList;
			buildConfigurations = (
				95A484472C78D55B004B6AD9 /* Debug */,
				95A484482C78D55B004B6AD9 /* Release */,
			);
			defaultConfigurationIsVisible = 0;
			defaultConfigurationName = Release;
		};
		95A484492C78D55B004B6AD9 /* Build configuration list for PBXNativeTarget "OpenWeatherUITests" */ = {
			isa = XCConfigurationList;
			buildConfigurations = (
				95A4844A2C78D55B004B6AD9 /* Debug */,
				95A4844B2C78D55B004B6AD9 /* Release */,
			);
			defaultConfigurationIsVisible = 0;
			defaultConfigurationName = Release;
		};
/* End XCConfigurationList section */
	};
	rootObject = 95A484172C78D553004B6AD9 /* Project object */;
}
